// !$*UTF8*$!
{
	archiveVersion = 1;
	classes = {
	};
	objectVersion = 56;
	objects = {

/* Begin PBXBuildFile section */
		CA1564F62C3AA91F00278D35 /* SDWebImageSwiftUI in Frameworks */ = {isa = PBXBuildFile; productRef = CA1564F52C3AA91F00278D35 /* SDWebImageSwiftUI */; };
		CA1564FD2C3AB3ED00278D35 /* DailyStreamsView.swift in Sources */ = {isa = PBXBuildFile; fileRef = CA1564FC2C3AB3ED00278D35 /* DailyStreamsView.swift */; };
		CA1564FF2C3AB42500278D35 /* BillboardHistoryView.swift in Sources */ = {isa = PBXBuildFile; fileRef = CA1564FE2C3AB42500278D35 /* BillboardHistoryView.swift */; };
		CA1565012C3AB44000278D35 /* BillboardDateView.swift in Sources */ = {isa = PBXBuildFile; fileRef = CA1565002C3AB44000278D35 /* BillboardDateView.swift */; };
		CA19B1442C3960CE00AB837E /* APIService.swift in Sources */ = {isa = PBXBuildFile; fileRef = CA19B1432C3960CE00AB837E /* APIService.swift */; };
		CA19B1472C3964F500AB837E /* DailyStreamsModel.swift in Sources */ = {isa = PBXBuildFile; fileRef = CA19B1462C3964F500AB837E /* DailyStreamsModel.swift */; };
		CA3812312C3EA8250051D4DB /* TypePicker.swift in Sources */ = {isa = PBXBuildFile; fileRef = CA3812302C3EA8250051D4DB /* TypePicker.swift */; };
		CA3812332C3EA9790051D4DB /* ArtistInfo.swift in Sources */ = {isa = PBXBuildFile; fileRef = CA3812322C3EA9790051D4DB /* ArtistInfo.swift */; };
		CA3812352C3EAB5E0051D4DB /* StreamInfo.swift in Sources */ = {isa = PBXBuildFile; fileRef = CA3812342C3EAB5E0051D4DB /* StreamInfo.swift */; };
		CA4FC06F2C3C56320036C073 /* SearchBar.swift in Sources */ = {isa = PBXBuildFile; fileRef = CA4FC06E2C3C56320036C073 /* SearchBar.swift */; };
		CA58A5A92C43035D0024354B /* ImagePlaceholder.swift in Sources */ = {isa = PBXBuildFile; fileRef = CA58A5A82C43035D0024354B /* ImagePlaceholder.swift */; };
		CAA565582C3967F80079A3D2 /* ArtistModel.swift in Sources */ = {isa = PBXBuildFile; fileRef = CAA565572C3967F80079A3D2 /* ArtistModel.swift */; };
		CAA5655A2C396F320079A3D2 /* BillboardHistoryModel.swift in Sources */ = {isa = PBXBuildFile; fileRef = CAA565592C396F320079A3D2 /* BillboardHistoryModel.swift */; };
		CAA5655C2C396FAC0079A3D2 /* BillboardDateModel.swift in Sources */ = {isa = PBXBuildFile; fileRef = CAA5655B2C396FAC0079A3D2 /* BillboardDateModel.swift */; };
		CACD013A2C3AB7EA00D26124 /* CurveTabBar.swift in Sources */ = {isa = PBXBuildFile; fileRef = CACD01392C3AB7EA00D26124 /* CurveTabBar.swift */; };
		CACD013C2C3AB80A00D26124 /* Tab.swift in Sources */ = {isa = PBXBuildFile; fileRef = CACD013B2C3AB80A00D26124 /* Tab.swift */; };
		CAE8C24E2C3959E0006E808B /* MusicRankTrackerApp.swift in Sources */ = {isa = PBXBuildFile; fileRef = CAE8C24D2C3959E0006E808B /* MusicRankTrackerApp.swift */; };
		CAE8C2502C3959E0006E808B /* ContentView.swift in Sources */ = {isa = PBXBuildFile; fileRef = CAE8C24F2C3959E0006E808B /* ContentView.swift */; };
		CAE8C2522C3959E3006E808B /* Assets.xcassets in Resources */ = {isa = PBXBuildFile; fileRef = CAE8C2512C3959E3006E808B /* Assets.xcassets */; };
		CAE8C2552C3959E3006E808B /* Preview Assets.xcassets in Resources */ = {isa = PBXBuildFile; fileRef = CAE8C2542C3959E3006E808B /* Preview Assets.xcassets */; };
		CAE8C25D2C395A6B006E808B /* Alamofire in Frameworks */ = {isa = PBXBuildFile; productRef = CAE8C25C2C395A6B006E808B /* Alamofire */; };
		CAE8C2602C395CE9006E808B /* Config.swift in Sources */ = {isa = PBXBuildFile; fileRef = CAE8C25F2C395CE9006E808B /* Config.swift */; };
		CAF724682C418C2000B5A250 /* ArtistItem.swift in Sources */ = {isa = PBXBuildFile; fileRef = CAF724672C418C2000B5A250 /* ArtistItem.swift */; };
		CAF7246A2C418C2800B5A250 /* InfoCard.swift in Sources */ = {isa = PBXBuildFile; fileRef = CAF724692C418C2800B5A250 /* InfoCard.swift */; };
		CAF7246C2C418C2D00B5A250 /* InfoRow.swift in Sources */ = {isa = PBXBuildFile; fileRef = CAF7246B2C418C2D00B5A250 /* InfoRow.swift */; };
		CAF7246E2C418C7800B5A250 /* MusicDetailView.swift in Sources */ = {isa = PBXBuildFile; fileRef = CAF7246D2C418C7800B5A250 /* MusicDetailView.swift */; };
		CAF724712C418F5400B5A250 /* ColorExtension.swift in Sources */ = {isa = PBXBuildFile; fileRef = CAF7246F2C418F5400B5A250 /* ColorExtension.swift */; };
/* End PBXBuildFile section */

/* Begin PBXFileReference section */
		CA1564FC2C3AB3ED00278D35 /* DailyStreamsView.swift */ = {isa = PBXFileReference; lastKnownFileType = sourcecode.swift; path = DailyStreamsView.swift; sourceTree = "<group>"; };
		CA1564FE2C3AB42500278D35 /* BillboardHistoryView.swift */ = {isa = PBXFileReference; lastKnownFileType = sourcecode.swift; path = BillboardHistoryView.swift; sourceTree = "<group>"; };
		CA1565002C3AB44000278D35 /* BillboardDateView.swift */ = {isa = PBXFileReference; lastKnownFileType = sourcecode.swift; path = BillboardDateView.swift; sourceTree = "<group>"; };
		CA19B1432C3960CE00AB837E /* APIService.swift */ = {isa = PBXFileReference; lastKnownFileType = sourcecode.swift; path = APIService.swift; sourceTree = "<group>"; };
		CA19B1462C3964F500AB837E /* DailyStreamsModel.swift */ = {isa = PBXFileReference; lastKnownFileType = sourcecode.swift; path = DailyStreamsModel.swift; sourceTree = "<group>"; };
		CA3812302C3EA8250051D4DB /* TypePicker.swift */ = {isa = PBXFileReference; lastKnownFileType = sourcecode.swift; path = TypePicker.swift; sourceTree = "<group>"; };
		CA3812322C3EA9790051D4DB /* ArtistInfo.swift */ = {isa = PBXFileReference; lastKnownFileType = sourcecode.swift; path = ArtistInfo.swift; sourceTree = "<group>"; };
		CA3812342C3EAB5E0051D4DB /* StreamInfo.swift */ = {isa = PBXFileReference; lastKnownFileType = sourcecode.swift; path = StreamInfo.swift; sourceTree = "<group>"; };
		CA4FC06E2C3C56320036C073 /* SearchBar.swift */ = {isa = PBXFileReference; lastKnownFileType = sourcecode.swift; path = SearchBar.swift; sourceTree = "<group>"; };
		CA58A5A82C43035D0024354B /* ImagePlaceholder.swift */ = {isa = PBXFileReference; lastKnownFileType = sourcecode.swift; path = ImagePlaceholder.swift; sourceTree = "<group>"; };
		CAA565572C3967F80079A3D2 /* ArtistModel.swift */ = {isa = PBXFileReference; lastKnownFileType = sourcecode.swift; path = ArtistModel.swift; sourceTree = "<group>"; };
		CAA565592C396F320079A3D2 /* BillboardHistoryModel.swift */ = {isa = PBXFileReference; lastKnownFileType = sourcecode.swift; path = BillboardHistoryModel.swift; sourceTree = "<group>"; };
		CAA5655B2C396FAC0079A3D2 /* BillboardDateModel.swift */ = {isa = PBXFileReference; lastKnownFileType = sourcecode.swift; path = BillboardDateModel.swift; sourceTree = "<group>"; };
		CACD01392C3AB7EA00D26124 /* CurveTabBar.swift */ = {isa = PBXFileReference; fileEncoding = 4; lastKnownFileType = sourcecode.swift; path = CurveTabBar.swift; sourceTree = "<group>"; };
		CACD013B2C3AB80A00D26124 /* Tab.swift */ = {isa = PBXFileReference; fileEncoding = 4; lastKnownFileType = sourcecode.swift; path = Tab.swift; sourceTree = "<group>"; };
		CAE8C24A2C3959E0006E808B /* MusicRankTracker.app */ = {isa = PBXFileReference; explicitFileType = wrapper.application; includeInIndex = 0; path = MusicRankTracker.app; sourceTree = BUILT_PRODUCTS_DIR; };
		CAE8C24D2C3959E0006E808B /* MusicRankTrackerApp.swift */ = {isa = PBXFileReference; lastKnownFileType = sourcecode.swift; path = MusicRankTrackerApp.swift; sourceTree = "<group>"; };
		CAE8C24F2C3959E0006E808B /* ContentView.swift */ = {isa = PBXFileReference; lastKnownFileType = sourcecode.swift; path = ContentView.swift; sourceTree = "<group>"; };
		CAE8C2512C3959E3006E808B /* Assets.xcassets */ = {isa = PBXFileReference; lastKnownFileType = folder.assetcatalog; path = Assets.xcassets; sourceTree = "<group>"; };
		CAE8C2542C3959E3006E808B /* Preview Assets.xcassets */ = {isa = PBXFileReference; lastKnownFileType = folder.assetcatalog; path = "Preview Assets.xcassets"; sourceTree = "<group>"; };
		CAE8C25F2C395CE9006E808B /* Config.swift */ = {isa = PBXFileReference; lastKnownFileType = sourcecode.swift; path = Config.swift; sourceTree = "<group>"; };
		CAF724672C418C2000B5A250 /* ArtistItem.swift */ = {isa = PBXFileReference; fileEncoding = 4; lastKnownFileType = sourcecode.swift; path = ArtistItem.swift; sourceTree = "<group>"; };
		CAF724692C418C2800B5A250 /* InfoCard.swift */ = {isa = PBXFileReference; fileEncoding = 4; lastKnownFileType = sourcecode.swift; path = InfoCard.swift; sourceTree = "<group>"; };
		CAF7246B2C418C2D00B5A250 /* InfoRow.swift */ = {isa = PBXFileReference; fileEncoding = 4; lastKnownFileType = sourcecode.swift; path = InfoRow.swift; sourceTree = "<group>"; };
		CAF7246D2C418C7800B5A250 /* MusicDetailView.swift */ = {isa = PBXFileReference; fileEncoding = 4; lastKnownFileType = sourcecode.swift; path = MusicDetailView.swift; sourceTree = "<group>"; };
		CAF7246F2C418F5400B5A250 /* ColorExtension.swift */ = {isa = PBXFileReference; fileEncoding = 4; lastKnownFileType = sourcecode.swift; path = ColorExtension.swift; sourceTree = "<group>"; };
/* End PBXFileReference section */

/* Begin PBXFrameworksBuildPhase section */
		CAE8C2472C3959E0006E808B /* Frameworks */ = {
			isa = PBXFrameworksBuildPhase;
			buildActionMask = 2147483647;
			files = (
				CA1564F62C3AA91F00278D35 /* SDWebImageSwiftUI in Frameworks */,
				CAE8C25D2C395A6B006E808B /* Alamofire in Frameworks */,
			);
			runOnlyForDeploymentPostprocessing = 0;
		};
/* End PBXFrameworksBuildPhase section */

/* Begin PBXGroup section */
		CA1564F72C3AADC800278D35 /* Views */ = {
			isa = PBXGroup;
			children = (
				CA1564FC2C3AB3ED00278D35 /* DailyStreamsView.swift */,
				CAF7246D2C418C7800B5A250 /* MusicDetailView.swift */,
				CA1564FE2C3AB42500278D35 /* BillboardHistoryView.swift */,
				CA1565002C3AB44000278D35 /* BillboardDateView.swift */,
				CACD01392C3AB7EA00D26124 /* CurveTabBar.swift */,
			);
			path = Views;
			sourceTree = "<group>";
		};
		CA19B1422C39607400AB837E /* Services */ = {
			isa = PBXGroup;
			children = (
				CA19B1432C3960CE00AB837E /* APIService.swift */,
			);
			path = Services;
			sourceTree = "<group>";
		};
		CA19B1452C3964B000AB837E /* Models */ = {
			isa = PBXGroup;
			children = (
				CA19B1462C3964F500AB837E /* DailyStreamsModel.swift */,
				CAA565572C3967F80079A3D2 /* ArtistModel.swift */,
				CAA565592C396F320079A3D2 /* BillboardHistoryModel.swift */,
				CAA5655B2C396FAC0079A3D2 /* BillboardDateModel.swift */,
				CACD013B2C3AB80A00D26124 /* Tab.swift */,
			);
			path = Models;
			sourceTree = "<group>";
		};
		CA4FC06D2C3C56220036C073 /* Components */ = {
			isa = PBXGroup;
			children = (
				CAF7246B2C418C2D00B5A250 /* InfoRow.swift */,
				CAF724692C418C2800B5A250 /* InfoCard.swift */,
				CAF724672C418C2000B5A250 /* ArtistItem.swift */,
				CA4FC06E2C3C56320036C073 /* SearchBar.swift */,
				CA3812302C3EA8250051D4DB /* TypePicker.swift */,
				CA3812322C3EA9790051D4DB /* ArtistInfo.swift */,
				CA3812342C3EAB5E0051D4DB /* StreamInfo.swift */,
				CA58A5A82C43035D0024354B /* ImagePlaceholder.swift */,
			);
			path = Components;
			sourceTree = "<group>";
		};
		CAE8C2412C3959E0006E808B = {
			isa = PBXGroup;
			children = (
				CAE8C24C2C3959E0006E808B /* MusicRankTracker */,
				CAE8C24B2C3959E0006E808B /* Products */,
			);
			sourceTree = "<group>";
		};
		CAE8C24B2C3959E0006E808B /* Products */ = {
			isa = PBXGroup;
			children = (
				CAE8C24A2C3959E0006E808B /* MusicRankTracker.app */,
			);
			name = Products;
			sourceTree = "<group>";
		};
		CAE8C24C2C3959E0006E808B /* MusicRankTracker */ = {
			isa = PBXGroup;
			children = (
				CA4FC06D2C3C56220036C073 /* Components */,
				CA1564F72C3AADC800278D35 /* Views */,
				CA19B1452C3964B000AB837E /* Models */,
				CA19B1422C39607400AB837E /* Services */,
				CAF724702C418F5400B5A250 /* Utility */,
				CAE8C25E2C395CDD006E808B /* Config */,
				CAE8C24D2C3959E0006E808B /* MusicRankTrackerApp.swift */,
				CAE8C24F2C3959E0006E808B /* ContentView.swift */,
				CAE8C2512C3959E3006E808B /* Assets.xcassets */,
				CAE8C2532C3959E3006E808B /* Preview Content */,
			);
			path = MusicRankTracker;
			sourceTree = "<group>";
		};
		CAE8C2532C3959E3006E808B /* Preview Content */ = {
			isa = PBXGroup;
			children = (
				CAE8C2542C3959E3006E808B /* Preview Assets.xcassets */,
			);
			path = "Preview Content";
			sourceTree = "<group>";
		};
		CAE8C25E2C395CDD006E808B /* Config */ = {
			isa = PBXGroup;
			children = (
				CAE8C25F2C395CE9006E808B /* Config.swift */,
			);
			path = Config;
			sourceTree = "<group>";
		};
		CAF724702C418F5400B5A250 /* Utility */ = {
			isa = PBXGroup;
			children = (
				CAF7246F2C418F5400B5A250 /* ColorExtension.swift */,
			);
			path = Utility;
			sourceTree = "<group>";
		};
/* End PBXGroup section */

/* Begin PBXNativeTarget section */
		CAE8C2492C3959E0006E808B /* MusicRankTracker */ = {
			isa = PBXNativeTarget;
			buildConfigurationList = CAE8C2582C3959E3006E808B /* Build configuration list for PBXNativeTarget "MusicRankTracker" */;
			buildPhases = (
				CAE8C2462C3959E0006E808B /* Sources */,
				CAE8C2472C3959E0006E808B /* Frameworks */,
				CAE8C2482C3959E0006E808B /* Resources */,
			);
			buildRules = (
			);
			dependencies = (
			);
			name = MusicRankTracker;
			packageProductDependencies = (
				CAE8C25C2C395A6B006E808B /* Alamofire */,
				CA1564F52C3AA91F00278D35 /* SDWebImageSwiftUI */,
			);
			productName = MusicRankTracker;
			productReference = CAE8C24A2C3959E0006E808B /* MusicRankTracker.app */;
			productType = "com.apple.product-type.application";
		};
/* End PBXNativeTarget section */

/* Begin PBXProject section */
		CAE8C2422C3959E0006E808B /* Project object */ = {
			isa = PBXProject;
			attributes = {
				BuildIndependentTargetsInParallel = 1;
				LastSwiftUpdateCheck = 1540;
				LastUpgradeCheck = 1540;
				TargetAttributes = {
					CAE8C2492C3959E0006E808B = {
						CreatedOnToolsVersion = 15.4;
					};
				};
			};
			buildConfigurationList = CAE8C2452C3959E0006E808B /* Build configuration list for PBXProject "MusicRankTracker" */;
			compatibilityVersion = "Xcode 14.0";
			developmentRegion = en;
			hasScannedForEncodings = 0;
			knownRegions = (
				en,
				Base,
			);
			mainGroup = CAE8C2412C3959E0006E808B;
			packageReferences = (
				CAE8C25B2C395A6B006E808B /* XCRemoteSwiftPackageReference "Alamofire" */,
				CA1564F42C3AA91F00278D35 /* XCRemoteSwiftPackageReference "SDWebImageSwiftUI" */,
			);
			productRefGroup = CAE8C24B2C3959E0006E808B /* Products */;
			projectDirPath = "";
			projectRoot = "";
			targets = (
				CAE8C2492C3959E0006E808B /* MusicRankTracker */,
			);
		};
/* End PBXProject section */

/* Begin PBXResourcesBuildPhase section */
		CAE8C2482C3959E0006E808B /* Resources */ = {
			isa = PBXResourcesBuildPhase;
			buildActionMask = 2147483647;
			files = (
				CAE8C2552C3959E3006E808B /* Preview Assets.xcassets in Resources */,
				CAE8C2522C3959E3006E808B /* Assets.xcassets in Resources */,
			);
			runOnlyForDeploymentPostprocessing = 0;
		};
/* End PBXResourcesBuildPhase section */

/* Begin PBXSourcesBuildPhase section */
		CAE8C2462C3959E0006E808B /* Sources */ = {
			isa = PBXSourcesBuildPhase;
			buildActionMask = 2147483647;
			files = (
				CAF7246A2C418C2800B5A250 /* InfoCard.swift in Sources */,
				CA19B1472C3964F500AB837E /* DailyStreamsModel.swift in Sources */,
				CAF724682C418C2000B5A250 /* ArtistItem.swift in Sources */,
				CA1565012C3AB44000278D35 /* BillboardDateView.swift in Sources */,
				CAF7246C2C418C2D00B5A250 /* InfoRow.swift in Sources */,
				CAF7246E2C418C7800B5A250 /* MusicDetailView.swift in Sources */,
				CA1564FF2C3AB42500278D35 /* BillboardHistoryView.swift in Sources */,
				CAE8C2502C3959E0006E808B /* ContentView.swift in Sources */,
				CAE8C24E2C3959E0006E808B /* MusicRankTrackerApp.swift in Sources */,
				CAF724712C418F5400B5A250 /* ColorExtension.swift in Sources */,
				CA19B1442C3960CE00AB837E /* APIService.swift in Sources */,
				CA1564FD2C3AB3ED00278D35 /* DailyStreamsView.swift in Sources */,
				CA3812312C3EA8250051D4DB /* TypePicker.swift in Sources */,
				CA58A5A92C43035D0024354B /* ImagePlaceholder.swift in Sources */,
				CA4FC06F2C3C56320036C073 /* SearchBar.swift in Sources */,
				CACD013C2C3AB80A00D26124 /* Tab.swift in Sources */,
				CAA565582C3967F80079A3D2 /* ArtistModel.swift in Sources */,
				CA3812352C3EAB5E0051D4DB /* StreamInfo.swift in Sources */,
				CAA5655C2C396FAC0079A3D2 /* BillboardDateModel.swift in Sources */,
				CACD013A2C3AB7EA00D26124 /* CurveTabBar.swift in Sources */,
				CAE8C2602C395CE9006E808B /* Config.swift in Sources */,
				CA3812332C3EA9790051D4DB /* ArtistInfo.swift in Sources */,
				CAA5655A2C396F320079A3D2 /* BillboardHistoryModel.swift in Sources */,
			);
			runOnlyForDeploymentPostprocessing = 0;
		};
/* End PBXSourcesBuildPhase section */

/* Begin XCBuildConfiguration section */
		CAE8C2562C3959E3006E808B /* Debug */ = {
			isa = XCBuildConfiguration;
			buildSettings = {
				ALWAYS_SEARCH_USER_PATHS = NO;
				ASSETCATALOG_COMPILER_GENERATE_SWIFT_ASSET_SYMBOL_EXTENSIONS = YES;
				CLANG_ANALYZER_NONNULL = YES;
				CLANG_ANALYZER_NUMBER_OBJECT_CONVERSION = YES_AGGRESSIVE;
				CLANG_CXX_LANGUAGE_STANDARD = "gnu++20";
				CLANG_ENABLE_MODULES = YES;
				CLANG_ENABLE_OBJC_ARC = YES;
				CLANG_ENABLE_OBJC_WEAK = YES;
				CLANG_WARN_BLOCK_CAPTURE_AUTORELEASING = YES;
				CLANG_WARN_BOOL_CONVERSION = YES;
				CLANG_WARN_COMMA = YES;
				CLANG_WARN_CONSTANT_CONVERSION = YES;
				CLANG_WARN_DEPRECATED_OBJC_IMPLEMENTATIONS = YES;
				CLANG_WARN_DIRECT_OBJC_ISA_USAGE = YES_ERROR;
				CLANG_WARN_DOCUMENTATION_COMMENTS = YES;
				CLANG_WARN_EMPTY_BODY = YES;
				CLANG_WARN_ENUM_CONVERSION = YES;
				CLANG_WARN_INFINITE_RECURSION = YES;
				CLANG_WARN_INT_CONVERSION = YES;
				CLANG_WARN_NON_LITERAL_NULL_CONVERSION = YES;
				CLANG_WARN_OBJC_IMPLICIT_RETAIN_SELF = YES;
				CLANG_WARN_OBJC_LITERAL_CONVERSION = YES;
				CLANG_WARN_OBJC_ROOT_CLASS = YES_ERROR;
				CLANG_WARN_QUOTED_INCLUDE_IN_FRAMEWORK_HEADER = YES;
				CLANG_WARN_RANGE_LOOP_ANALYSIS = YES;
				CLANG_WARN_STRICT_PROTOTYPES = YES;
				CLANG_WARN_SUSPICIOUS_MOVE = YES;
				CLANG_WARN_UNGUARDED_AVAILABILITY = YES_AGGRESSIVE;
				CLANG_WARN_UNREACHABLE_CODE = YES;
				CLANG_WARN__DUPLICATE_METHOD_MATCH = YES;
				COPY_PHASE_STRIP = NO;
				DEBUG_INFORMATION_FORMAT = dwarf;
				ENABLE_STRICT_OBJC_MSGSEND = YES;
				ENABLE_TESTABILITY = YES;
				ENABLE_USER_SCRIPT_SANDBOXING = YES;
				GCC_C_LANGUAGE_STANDARD = gnu17;
				GCC_DYNAMIC_NO_PIC = NO;
				GCC_NO_COMMON_BLOCKS = YES;
				GCC_OPTIMIZATION_LEVEL = 0;
				GCC_PREPROCESSOR_DEFINITIONS = (
					"DEBUG=1",
					"$(inherited)",
				);
				GCC_WARN_64_TO_32_BIT_CONVERSION = YES;
				GCC_WARN_ABOUT_RETURN_TYPE = YES_ERROR;
				GCC_WARN_UNDECLARED_SELECTOR = YES;
				GCC_WARN_UNINITIALIZED_AUTOS = YES_AGGRESSIVE;
				GCC_WARN_UNUSED_FUNCTION = YES;
				GCC_WARN_UNUSED_VARIABLE = YES;
				IPHONEOS_DEPLOYMENT_TARGET = 17.5;
				LOCALIZATION_PREFERS_STRING_CATALOGS = YES;
				MTL_ENABLE_DEBUG_INFO = INCLUDE_SOURCE;
				MTL_FAST_MATH = YES;
				ONLY_ACTIVE_ARCH = YES;
				SDKROOT = iphoneos;
				SWIFT_ACTIVE_COMPILATION_CONDITIONS = "DEBUG $(inherited)";
				SWIFT_OPTIMIZATION_LEVEL = "-Onone";
			};
			name = Debug;
		};
		CAE8C2572C3959E3006E808B /* Release */ = {
			isa = XCBuildConfiguration;
			buildSettings = {
				ALWAYS_SEARCH_USER_PATHS = NO;
				ASSETCATALOG_COMPILER_GENERATE_SWIFT_ASSET_SYMBOL_EXTENSIONS = YES;
				CLANG_ANALYZER_NONNULL = YES;
				CLANG_ANALYZER_NUMBER_OBJECT_CONVERSION = YES_AGGRESSIVE;
				CLANG_CXX_LANGUAGE_STANDARD = "gnu++20";
				CLANG_ENABLE_MODULES = YES;
				CLANG_ENABLE_OBJC_ARC = YES;
				CLANG_ENABLE_OBJC_WEAK = YES;
				CLANG_WARN_BLOCK_CAPTURE_AUTORELEASING = YES;
				CLANG_WARN_BOOL_CONVERSION = YES;
				CLANG_WARN_COMMA = YES;
				CLANG_WARN_CONSTANT_CONVERSION = YES;
				CLANG_WARN_DEPRECATED_OBJC_IMPLEMENTATIONS = YES;
				CLANG_WARN_DIRECT_OBJC_ISA_USAGE = YES_ERROR;
				CLANG_WARN_DOCUMENTATION_COMMENTS = YES;
				CLANG_WARN_EMPTY_BODY = YES;
				CLANG_WARN_ENUM_CONVERSION = YES;
				CLANG_WARN_INFINITE_RECURSION = YES;
				CLANG_WARN_INT_CONVERSION = YES;
				CLANG_WARN_NON_LITERAL_NULL_CONVERSION = YES;
				CLANG_WARN_OBJC_IMPLICIT_RETAIN_SELF = YES;
				CLANG_WARN_OBJC_LITERAL_CONVERSION = YES;
				CLANG_WARN_OBJC_ROOT_CLASS = YES_ERROR;
				CLANG_WARN_QUOTED_INCLUDE_IN_FRAMEWORK_HEADER = YES;
				CLANG_WARN_RANGE_LOOP_ANALYSIS = YES;
				CLANG_WARN_STRICT_PROTOTYPES = YES;
				CLANG_WARN_SUSPICIOUS_MOVE = YES;
				CLANG_WARN_UNGUARDED_AVAILABILITY = YES_AGGRESSIVE;
				CLANG_WARN_UNREACHABLE_CODE = YES;
				CLANG_WARN__DUPLICATE_METHOD_MATCH = YES;
				COPY_PHASE_STRIP = NO;
				DEBUG_INFORMATION_FORMAT = "dwarf-with-dsym";
				ENABLE_NS_ASSERTIONS = NO;
				ENABLE_STRICT_OBJC_MSGSEND = YES;
				ENABLE_USER_SCRIPT_SANDBOXING = YES;
				GCC_C_LANGUAGE_STANDARD = gnu17;
				GCC_NO_COMMON_BLOCKS = YES;
				GCC_WARN_64_TO_32_BIT_CONVERSION = YES;
				GCC_WARN_ABOUT_RETURN_TYPE = YES_ERROR;
				GCC_WARN_UNDECLARED_SELECTOR = YES;
				GCC_WARN_UNINITIALIZED_AUTOS = YES_AGGRESSIVE;
				GCC_WARN_UNUSED_FUNCTION = YES;
				GCC_WARN_UNUSED_VARIABLE = YES;
				IPHONEOS_DEPLOYMENT_TARGET = 17.5;
				LOCALIZATION_PREFERS_STRING_CATALOGS = YES;
				MTL_ENABLE_DEBUG_INFO = NO;
				MTL_FAST_MATH = YES;
				SDKROOT = iphoneos;
				SWIFT_COMPILATION_MODE = wholemodule;
				VALIDATE_PRODUCT = YES;
			};
			name = Release;
		};
		CAE8C2592C3959E3006E808B /* Debug */ = {
			isa = XCBuildConfiguration;
			buildSettings = {
				ASSETCATALOG_COMPILER_APPICON_NAME = AppIcon;
				ASSETCATALOG_COMPILER_GLOBAL_ACCENT_COLOR_NAME = AccentColor;
				CODE_SIGN_STYLE = Automatic;
				CURRENT_PROJECT_VERSION = 1;
				DEVELOPMENT_ASSET_PATHS = "\"MusicRankTracker/Preview Content\"";
				DEVELOPMENT_TEAM = FSJ65THAK3;
				ENABLE_PREVIEWS = YES;
				GENERATE_INFOPLIST_FILE = YES;
				INFOPLIST_KEY_UIApplicationSceneManifest_Generation = YES;
				INFOPLIST_KEY_UIApplicationSupportsIndirectInputEvents = YES;
				INFOPLIST_KEY_UILaunchScreen_Generation = YES;
				INFOPLIST_KEY_UISupportedInterfaceOrientations_iPad = "UIInterfaceOrientationPortrait UIInterfaceOrientationPortraitUpsideDown UIInterfaceOrientationLandscapeLeft UIInterfaceOrientationLandscapeRight";
				INFOPLIST_KEY_UISupportedInterfaceOrientations_iPhone = "UIInterfaceOrientationPortrait UIInterfaceOrientationLandscapeLeft UIInterfaceOrientationLandscapeRight";
				INFOPLIST_KEY_UIUserInterfaceStyle = Light;
				LD_RUNPATH_SEARCH_PATHS = (
					"$(inherited)",
					"@executable_path/Frameworks",
				);
				MARKETING_VERSION = 1.0;
				PRODUCT_BUNDLE_IDENTIFIER = yuxnzs.MusicRankTracker;
				PRODUCT_NAME = "$(TARGET_NAME)";
				SWIFT_EMIT_LOC_STRINGS = YES;
				SWIFT_VERSION = 5.0;
				TARGETED_DEVICE_FAMILY = "1,2";
			};
			name = Debug;
		};
		CAE8C25A2C3959E3006E808B /* Release */ = {
			isa = XCBuildConfiguration;
			buildSettings = {
				ASSETCATALOG_COMPILER_APPICON_NAME = AppIcon;
				ASSETCATALOG_COMPILER_GLOBAL_ACCENT_COLOR_NAME = AccentColor;
				CODE_SIGN_STYLE = Automatic;
				CURRENT_PROJECT_VERSION = 1;
				DEVELOPMENT_ASSET_PATHS = "\"MusicRankTracker/Preview Content\"";
				DEVELOPMENT_TEAM = FSJ65THAK3;
				ENABLE_PREVIEWS = YES;
				GENERATE_INFOPLIST_FILE = YES;
				INFOPLIST_KEY_UIApplicationSceneManifest_Generation = YES;
				INFOPLIST_KEY_UIApplicationSupportsIndirectInputEvents = YES;
				INFOPLIST_KEY_UILaunchScreen_Generation = YES;
				INFOPLIST_KEY_UISupportedInterfaceOrientations_iPad = "UIInterfaceOrientationPortrait UIInterfaceOrientationPortraitUpsideDown UIInterfaceOrientationLandscapeLeft UIInterfaceOrientationLandscapeRight";
				INFOPLIST_KEY_UISupportedInterfaceOrientations_iPhone = "UIInterfaceOrientationPortrait UIInterfaceOrientationLandscapeLeft UIInterfaceOrientationLandscapeRight";
				INFOPLIST_KEY_UIUserInterfaceStyle = Light;
				LD_RUNPATH_SEARCH_PATHS = (
					"$(inherited)",
					"@executable_path/Frameworks",
				);
				MARKETING_VERSION = 1.0;
				PRODUCT_BUNDLE_IDENTIFIER = yuxnzs.MusicRankTracker;
				PRODUCT_NAME = "$(TARGET_NAME)";
				SWIFT_EMIT_LOC_STRINGS = YES;
				SWIFT_VERSION = 5.0;
				TARGETED_DEVICE_FAMILY = "1,2";
			};
			name = Release;
		};
/* End XCBuildConfiguration section */

/* Begin XCConfigurationList section */
		CAE8C2452C3959E0006E808B /* Build configuration list for PBXProject "MusicRankTracker" */ = {
			isa = XCConfigurationList;
			buildConfigurations = (
				CAE8C2562C3959E3006E808B /* Debug */,
				CAE8C2572C3959E3006E808B /* Release */,
			);
			defaultConfigurationIsVisible = 0;
			defaultConfigurationName = Release;
		};
		CAE8C2582C3959E3006E808B /* Build configuration list for PBXNativeTarget "MusicRankTracker" */ = {
			isa = XCConfigurationList;
			buildConfigurations = (
				CAE8C2592C3959E3006E808B /* Debug */,
				CAE8C25A2C3959E3006E808B /* Release */,
			);
			defaultConfigurationIsVisible = 0;
			defaultConfigurationName = Release;
		};
/* End XCConfigurationList section */

/* Begin XCRemoteSwiftPackageReference section */
		CA1564F42C3AA91F00278D35 /* XCRemoteSwiftPackageReference "SDWebImageSwiftUI" */ = {
			isa = XCRemoteSwiftPackageReference;
			repositoryURL = "https://github.com/SDWebImage/SDWebImageSwiftUI";
			requirement = {
				kind = exactVersion;
				version = 3.1.1;
			};
		};
		CAE8C25B2C395A6B006E808B /* XCRemoteSwiftPackageReference "Alamofire" */ = {
			isa = XCRemoteSwiftPackageReference;
			repositoryURL = "https://github.com/Alamofire/Alamofire";
			requirement = {
				kind = exactVersion;
				version = 5.8.1;
			};
		};
/* End XCRemoteSwiftPackageReference section */

/* Begin XCSwiftPackageProductDependency section */
		CA1564F52C3AA91F00278D35 /* SDWebImageSwiftUI */ = {
			isa = XCSwiftPackageProductDependency;
			package = CA1564F42C3AA91F00278D35 /* XCRemoteSwiftPackageReference "SDWebImageSwiftUI" */;
			productName = SDWebImageSwiftUI;
		};
		CAE8C25C2C395A6B006E808B /* Alamofire */ = {
			isa = XCSwiftPackageProductDependency;
			package = CAE8C25B2C395A6B006E808B /* XCRemoteSwiftPackageReference "Alamofire" */;
			productName = Alamofire;
		};
/* End XCSwiftPackageProductDependency section */
	};
	rootObject = CAE8C2422C3959E0006E808B /* Project object */;
}
